
Microsoft Visual Studio Solution File, Format Version 12.00
# Visual Studio Version 17
VisualStudioVersion = 17.9.34622.214
MinimumVisualStudioVersion = 10.0.40219.1
Project("{FAE04EC0-301F-11D3-BF4B-00C04F79EFBC}") = "Currency-Converter", "Currency-Converter\Currency-Converter.csproj", "{AE12BAD3-8D8B-4E3C-8659-B98ABE31C903}"
EndProject
Global
	GlobalSection(SolutionConfigurationPlatforms) = preSolution
		Debug|Any CPU = Debug|Any CPU
		Release|Any CPU = Release|Any CPU
	EndGlobalSection
	GlobalSection(ProjectConfigurationPlatforms) = postSolution
		{AE12BAD3-8D8B-4E3C-8659-B98ABE31C903}.Debug|Any CPU.ActiveCfg = Debug|Any CPU
		{AE12BAD3-8D8B-4E3C-8659-B98ABE31C903}.Debug|Any CPU.Build.0 = Debug|Any CPU
		{AE12BAD3-8D8B-4E3C-8659-B98ABE31C903}.Release|Any CPU.ActiveCfg = Release|Any CPU
		{AE12BAD3-8D8B-4E3C-8659-B98ABE31C903}.Release|Any CPU.Build.0 = Release|Any CPU
	EndGlobalSection
	GlobalSection(SolutionProperties) = preSolution
		HideSolutionNode = FALSE
	EndGlobalSection
	GlobalSection(ExtensibilityGlobals) = postSolution
		SolutionGuid = {B8712E86-66B5-47DE-B619-3353EE49CA80}
	EndGlobalSection
EndGlobal
